
Microsoft Visual Studio Solution File, Format Version 12.00
# Visual Studio 15
VisualStudioVersion = 15.0.26403.3
MinimumVisualStudioVersion = 10.0.40219.1
Project("{FAE04EC0-301F-11D3-BF4B-00C04F79EFBC}") = "LdgTools.ResultsFramework", "LdgTools.ResultsFramework\LdgTools.ResultsFramework.csproj", "{21A8E613-A875-479B-8D9F-737DA73236C1}"
EndProject
Project("{FAE04EC0-301F-11D3-BF4B-00C04F79EFBC}") = "LdgTools.Demands", "LdgTools.Demands\LdgTools.Demands.csproj", "{A82972DE-F796-4E15-8B6C-9CCEB33FBE86}"
EndProject
Project("{FAE04EC0-301F-11D3-BF4B-00C04F79EFBC}") = "LdgTools.Demands.Tests", "LdgTools.Demands.Tests\LdgTools.Demands.Tests.csproj", "{3D500162-180B-4A28-B2A8-C1BC9CEB2350}"
EndProject
Global
	GlobalSection(SolutionConfigurationPlatforms) = preSolution
		Debug|Any CPU = Debug|Any CPU
		Release|Any CPU = Release|Any CPU
	EndGlobalSection
	GlobalSection(ProjectConfigurationPlatforms) = postSolution
		{21A8E613-A875-479B-8D9F-737DA73236C1}.Debug|Any CPU.ActiveCfg = Debug|Any CPU
		{21A8E613-A875-479B-8D9F-737DA73236C1}.Debug|Any CPU.Build.0 = Debug|Any CPU
		{21A8E613-A875-479B-8D9F-737DA73236C1}.Release|Any CPU.ActiveCfg = Release|Any CPU
		{21A8E613-A875-479B-8D9F-737DA73236C1}.Release|Any CPU.Build.0 = Release|Any CPU
		{A82972DE-F796-4E15-8B6C-9CCEB33FBE86}.Debug|Any CPU.ActiveCfg = Debug|Any CPU
		{A82972DE-F796-4E15-8B6C-9CCEB33FBE86}.Debug|Any CPU.Build.0 = Debug|Any CPU
		{A82972DE-F796-4E15-8B6C-9CCEB33FBE86}.Release|Any CPU.ActiveCfg = Release|Any CPU
		{A82972DE-F796-4E15-8B6C-9CCEB33FBE86}.Release|Any CPU.Build.0 = Release|Any CPU
		{3D500162-180B-4A28-B2A8-C1BC9CEB2350}.Debug|Any CPU.ActiveCfg = Debug|Any CPU
		{3D500162-180B-4A28-B2A8-C1BC9CEB2350}.Debug|Any CPU.Build.0 = Debug|Any CPU
		{3D500162-180B-4A28-B2A8-C1BC9CEB2350}.Release|Any CPU.ActiveCfg = Release|Any CPU
		{3D500162-180B-4A28-B2A8-C1BC9CEB2350}.Release|Any CPU.Build.0 = Release|Any CPU
	EndGlobalSection
	GlobalSection(SolutionProperties) = preSolution
		HideSolutionNode = FALSE
	EndGlobalSection
EndGlobal
